
Microsoft Visual Studio Solution File, Format Version 12.00
# Visual Studio 15
VisualStudioVersion = 15.0.27703.2018
MinimumVisualStudioVersion = 10.0.40219.1
Project("{9A19103F-16F7-4668-BE54-9A1E7A4F7556}") = "SimulatedDevice", "SimulatedDevice.csproj", "{DB293136-6633-4076-9A6A-ED5DEB027D5F}"
EndProject
Global
	GlobalSection(SolutionConfigurationPlatforms) = preSolution
		Debug|Any CPU = Debug|Any CPU
		Release|Any CPU = Release|Any CPU
	EndGlobalSection
	GlobalSection(ProjectConfigurationPlatforms) = postSolution
		{DB293136-6633-4076-9A6A-ED5DEB027D5F}.Debug|Any CPU.ActiveCfg = Debug|Any CPU
		{DB293136-6633-4076-9A6A-ED5DEB027D5F}.Debug|Any CPU.Build.0 = Debug|Any CPU
		{DB293136-6633-4076-9A6A-ED5DEB027D5F}.Release|Any CPU.ActiveCfg = Release|Any CPU
		{DB293136-6633-4076-9A6A-ED5DEB027D5F}.Release|Any CPU.Build.0 = Release|Any CPU
	EndGlobalSection
	GlobalSection(SolutionProperties) = preSolution
		HideSolutionNode = FALSE
	EndGlobalSection
	GlobalSection(ExtensibilityGlobals) = postSolution
		SolutionGuid = {7C1E1DD6-2DFC-4FB9-B5FF-E20E901E8479}
	EndGlobalSection
EndGlobal
